
Microsoft Visual Studio Solution File, Format Version 12.00
# Visual Studio Version 16
VisualStudioVersion = 16.0.29009.5
MinimumVisualStudioVersion = 10.0.40219.1
Project("{FAE04EC0-301F-11D3-BF4B-00C04F79EFBC}") = "TryIcon", "TryIcon\TryIcon.csproj", "{63EEE0BB-AE5E-438E-BF7B-8F76425BDD66}"
EndProject
Global
	GlobalSection(SolutionConfigurationPlatforms) = preSolution
		Debug|Any CPU = Debug|Any CPU
		Release|Any CPU = Release|Any CPU
	EndGlobalSection
	GlobalSection(ProjectConfigurationPlatforms) = postSolution
		{63EEE0BB-AE5E-438E-BF7B-8F76425BDD66}.Debug|Any CPU.ActiveCfg = Debug|Any CPU
		{63EEE0BB-AE5E-438E-BF7B-8F76425BDD66}.Debug|Any CPU.Build.0 = Debug|Any CPU
		{63EEE0BB-AE5E-438E-BF7B-8F76425BDD66}.Release|Any CPU.ActiveCfg = Release|Any CPU
		{63EEE0BB-AE5E-438E-BF7B-8F76425BDD66}.Release|Any CPU.Build.0 = Release|Any CPU
	EndGlobalSection
	GlobalSection(SolutionProperties) = preSolution
		HideSolutionNode = FALSE
	EndGlobalSection
	GlobalSection(ExtensibilityGlobals) = postSolution
		SolutionGuid = {F29A3965-A252-4BEF-87F2-E316D7D7DE04}
	EndGlobalSection
EndGlobal
